
Microsoft Visual Studio Solution File, Format Version 12.00
# Visual Studio Version 17
VisualStudioVersion = 17.9.34902.65
MinimumVisualStudioVersion = 10.0.40219.1
Project("{8BC9CEB8-8B4A-11D0-8D11-00A0C91BC942}") = "Generator", "Generator\Generator.vcxproj", "{F3C0136F-50A5-4FDE-A3CC-27CCEF3D6268}"
EndProject
Project("{8BC9CEB8-8B4A-11D0-8D11-00A0C91BC942}") = "Runner_Array", "Runner_Array\Runner_Array.vcxproj", "{0BEF5A5D-D5C1-40E3-8862-FB5F1C433714}"
EndProject
Project("{888888A0-9F3D-457C-B088-3A5042F75D52}") = "Extractor", "Extractor\Extractor.pyproj", "{ABB323D4-16DB-465B-9D94-959D1BD833E2}"
EndProject
Global
	GlobalSection(SolutionConfigurationPlatforms) = preSolution
		Debug|Any CPU = Debug|Any CPU
		Debug|x64 = Debug|x64
		Debug|x86 = Debug|x86
		Release|Any CPU = Release|Any CPU
		Release|x64 = Release|x64
		Release|x86 = Release|x86
	EndGlobalSection
	GlobalSection(ProjectConfigurationPlatforms) = postSolution
		{F3C0136F-50A5-4FDE-A3CC-27CCEF3D6268}.Debug|Any CPU.ActiveCfg = Debug|x64
		{F3C0136F-50A5-4FDE-A3CC-27CCEF3D6268}.Debug|Any CPU.Build.0 = Debug|x64
		{F3C0136F-50A5-4FDE-A3CC-27CCEF3D6268}.Debug|x64.ActiveCfg = Debug|x64
		{F3C0136F-50A5-4FDE-A3CC-27CCEF3D6268}.Debug|x64.Build.0 = Debug|x64
		{F3C0136F-50A5-4FDE-A3CC-27CCEF3D6268}.Debug|x86.ActiveCfg = Debug|Win32
		{F3C0136F-50A5-4FDE-A3CC-27CCEF3D6268}.Debug|x86.Build.0 = Debug|Win32
		{F3C0136F-50A5-4FDE-A3CC-27CCEF3D6268}.Release|Any CPU.ActiveCfg = Release|x64
		{F3C0136F-50A5-4FDE-A3CC-27CCEF3D6268}.Release|Any CPU.Build.0 = Release|x64
		{F3C0136F-50A5-4FDE-A3CC-27CCEF3D6268}.Release|x64.ActiveCfg = Release|x64
		{F3C0136F-50A5-4FDE-A3CC-27CCEF3D6268}.Release|x64.Build.0 = Release|x64
		{F3C0136F-50A5-4FDE-A3CC-27CCEF3D6268}.Release|x86.ActiveCfg = Release|Win32
		{F3C0136F-50A5-4FDE-A3CC-27CCEF3D6268}.Release|x86.Build.0 = Release|Win32
		{0BEF5A5D-D5C1-40E3-8862-FB5F1C433714}.Debug|Any CPU.ActiveCfg = Debug|x64
		{0BEF5A5D-D5C1-40E3-8862-FB5F1C433714}.Debug|Any CPU.Build.0 = Debug|x64
		{0BEF5A5D-D5C1-40E3-8862-FB5F1C433714}.Debug|x64.ActiveCfg = Debug|x64
		{0BEF5A5D-D5C1-40E3-8862-FB5F1C433714}.Debug|x64.Build.0 = Debug|x64
		{0BEF5A5D-D5C1-40E3-8862-FB5F1C433714}.Debug|x86.ActiveCfg = Debug|Win32
		{0BEF5A5D-D5C1-40E3-8862-FB5F1C433714}.Debug|x86.Build.0 = Debug|Win32
		{0BEF5A5D-D5C1-40E3-8862-FB5F1C433714}.Release|Any CPU.ActiveCfg = Release|x64
		{0BEF5A5D-D5C1-40E3-8862-FB5F1C433714}.Release|Any CPU.Build.0 = Release|x64
		{0BEF5A5D-D5C1-40E3-8862-FB5F1C433714}.Release|x64.ActiveCfg = Release|x64
		{0BEF5A5D-D5C1-40E3-8862-FB5F1C433714}.Release|x64.Build.0 = Release|x64
		{0BEF5A5D-D5C1-40E3-8862-FB5F1C433714}.Release|x86.ActiveCfg = Release|Win32
		{0BEF5A5D-D5C1-40E3-8862-FB5F1C433714}.Release|x86.Build.0 = Release|Win32
		{ABB323D4-16DB-465B-9D94-959D1BD833E2}.Debug|Any CPU.ActiveCfg = Debug|Any CPU
		{ABB323D4-16DB-465B-9D94-959D1BD833E2}.Debug|x64.ActiveCfg = Debug|Any CPU
		{ABB323D4-16DB-465B-9D94-959D1BD833E2}.Debug|x86.ActiveCfg = Debug|Any CPU
		{ABB323D4-16DB-465B-9D94-959D1BD833E2}.Release|Any CPU.ActiveCfg = Release|Any CPU
		{ABB323D4-16DB-465B-9D94-959D1BD833E2}.Release|x64.ActiveCfg = Release|Any CPU
		{ABB323D4-16DB-465B-9D94-959D1BD833E2}.Release|x86.ActiveCfg = Release|Any CPU
	EndGlobalSection
	GlobalSection(SolutionProperties) = preSolution
		HideSolutionNode = FALSE
	EndGlobalSection
	GlobalSection(ExtensibilityGlobals) = postSolution
		SolutionGuid = {7FE9D6FF-3A04-40B6-A4C3-B61698CC0E20}
	EndGlobalSection
EndGlobal
